
Microsoft Visual Studio Solution File, Format Version 12.00
# Visual Studio Version 16
VisualStudioVersion = 16.0.32228.343
MinimumVisualStudioVersion = 10.0.40219.1
Project("{FAE04EC0-301F-11D3-BF4B-00C04F79EFBC}") = "Practical_25", "Practical_25\Practical_25.csproj", "{5DC38178-486F-40F6-8EB5-6E93B5ACB070}"
EndProject
Project("{FAE04EC0-301F-11D3-BF4B-00C04F79EFBC}") = "DAL", "DAL\DAL.csproj", "{AFE1A3E1-C397-4407-9AAB-89674A046853}"
EndProject
Global
	GlobalSection(SolutionConfigurationPlatforms) = preSolution
		Debug|Any CPU = Debug|Any CPU
		Release|Any CPU = Release|Any CPU
	EndGlobalSection
	GlobalSection(ProjectConfigurationPlatforms) = postSolution
		{5DC38178-486F-40F6-8EB5-6E93B5ACB070}.Debug|Any CPU.ActiveCfg = Debug|Any CPU
		{5DC38178-486F-40F6-8EB5-6E93B5ACB070}.Debug|Any CPU.Build.0 = Debug|Any CPU
		{5DC38178-486F-40F6-8EB5-6E93B5ACB070}.Release|Any CPU.ActiveCfg = Release|Any CPU
		{5DC38178-486F-40F6-8EB5-6E93B5ACB070}.Release|Any CPU.Build.0 = Release|Any CPU
		{AFE1A3E1-C397-4407-9AAB-89674A046853}.Debug|Any CPU.ActiveCfg = Debug|Any CPU
		{AFE1A3E1-C397-4407-9AAB-89674A046853}.Debug|Any CPU.Build.0 = Debug|Any CPU
		{AFE1A3E1-C397-4407-9AAB-89674A046853}.Release|Any CPU.ActiveCfg = Release|Any CPU
		{AFE1A3E1-C397-4407-9AAB-89674A046853}.Release|Any CPU.Build.0 = Release|Any CPU
	EndGlobalSection
	GlobalSection(SolutionProperties) = preSolution
		HideSolutionNode = FALSE
	EndGlobalSection
	GlobalSection(ExtensibilityGlobals) = postSolution
		SolutionGuid = {BDC96629-A65C-4F87-B44C-CA1E9FCDF339}
	EndGlobalSection
EndGlobal
